{
  "repository": "https://github.com/openai/codex.git",
  "ref": "rust-v0.154.0",
  "tagObject": "36eab01061df3cde5f95ec20a526777b430091ba",
  "commit": "6b9826e3aa83b1a5947db50f4332cb9c65f1b340",
  "license": "Apache-2.0",
  "components": [
    "codex-rs/app-server",
    "codex-rs/app-server-client",
    "codex-rs/app-server-protocol"
  ],
  "cargoPatches": [
    {
      "repository": "https://github.com/openai-oss-forks/crossterm",
      "commit": "45fecb9508105988f42fe6ff0441783ed3717f92"
    },
    {
      "repository": "https://github.com/openai-oss-forks/tokio-tungstenite",
      "commit": "0e5b2d73aa18dd9f0a50ee9ff199d5aef7594186"
    },
    {
      "repository": "https://github.com/openai-oss-forks/tungstenite-rs",
      "commit": "4fffad30fe373adbdcffab9545e9e9bf4f2fc19f"
    }
  ],
  "localPatches": [
    {
      "crate": "codex-utils-pty",
      "basePath": "codex-rs/utils/pty",
      "reason": "Windows HANDLE pointer casts and hidden child-process windows",
      "files": [
        "src/pipe.rs",
        "src/win/conpty.rs",
        "src/win/mod.rs",
        "src/win/procthreadattr.rs",
        "src/win/psuedocon.rs"
      ]
    }
  ],
  "integration": "in-process",
  "syncPolicy": "release-tag-and-commit-locked"
}
