{
  "repository": "https://github.com/openai/codex.git",
  "ref": "rust-v0.161.0",
  "tagObject": "7e21416b38834816c224ea0dfd135c3de94b2f15",
  "commit": "979011409de0a60b52f179721948e65531d26144",
  "license": "Apache-2.0",
  "components": [
    "codex-rs/app-server",
    "codex-rs/app-server-client",
    "codex-rs/app-server-protocol"
  ],
  "cargoPatches": [
    {
      "repository": "https://github.com/openai-oss-forks/crossterm",
      "commit": "efa177859fd9623d57b9fe7ae9bf491ae1ac6ec4"
    },
    {
      "repository": "https://github.com/openai-oss-forks/tokio-tungstenite",
      "commit": "0e5b2d73aa18dd9f0a50ee9ff199d5aef7594186"
    },
    {
      "repository": "https://github.com/openai-oss-forks/tungstenite-rs",
      "commit": "4fffad30fe373adbdcffab9545e9e9bf4f2fc19f"
    }
  ],
  "localPatches": [
    {
      "crate": "codex-utils-pty",
      "basePath": "codex-rs/utils/pty",
      "reason": "Windows HANDLE pointer casts and hidden child-process windows",
      "files": [
        "src/pipe.rs",
        "src/win/conpty.rs",
        "src/win/mod.rs",
        "src/win/procthreadattr.rs",
        "src/win/psuedocon.rs"
      ]
    }
  ],
  "integration": "in-process",
  "syncPolicy": "release-tag-and-commit-locked"
}
